
Microsoft Visual Studio Solution File, Format Version 12.00
# Visual Studio Version 17
VisualStudioVersion = 17.3.32825.248
MinimumVisualStudioVersion = 10.0.40219.1
Project("{FAE04EC0-301F-11D3-BF4B-00C04F79EFBC}") = "The Firm", "The Firm\The Firm.csproj", "{5EF18FC2-5025-45FF-9C5E-08759636E434}"
EndProject
Global
	GlobalSection(SolutionConfigurationPlatforms) = preSolution
		Debug|Any CPU = Debug|Any CPU
		Release|Any CPU = Release|Any CPU
	EndGlobalSection
	GlobalSection(ProjectConfigurationPlatforms) = postSolution
		{5EF18FC2-5025-45FF-9C5E-08759636E434}.Debug|Any CPU.ActiveCfg = Debug|Any CPU
		{5EF18FC2-5025-45FF-9C5E-08759636E434}.Debug|Any CPU.Build.0 = Debug|Any CPU
		{5EF18FC2-5025-45FF-9C5E-08759636E434}.Release|Any CPU.ActiveCfg = Release|Any CPU
		{5EF18FC2-5025-45FF-9C5E-08759636E434}.Release|Any CPU.Build.0 = Release|Any CPU
	EndGlobalSection
	GlobalSection(SolutionProperties) = preSolution
		HideSolutionNode = FALSE
	EndGlobalSection
	GlobalSection(ExtensibilityGlobals) = postSolution
		SolutionGuid = {27599A4F-871A-4602-95CA-54AD6EE0F1A4}
	EndGlobalSection
EndGlobal
